
Microsoft Visual Studio Solution File, Format Version 12.00
# Visual Studio Version 16
VisualStudioVersion = 16.0.30104.148
MinimumVisualStudioVersion = 10.0.40219.1
Project("{9A19103F-16F7-4668-BE54-9A1E7A4F7556}") = "LED-Manager", "LED-Manager\LED-Manager.csproj", "{D819EB21-3E99-4E0E-917E-E66FDAC01C48}"
EndProject
Global
	GlobalSection(SolutionConfigurationPlatforms) = preSolution
		Debug|Any CPU = Debug|Any CPU
		Release|Any CPU = Release|Any CPU
	EndGlobalSection
	GlobalSection(ProjectConfigurationPlatforms) = postSolution
		{D819EB21-3E99-4E0E-917E-E66FDAC01C48}.Debug|Any CPU.ActiveCfg = Debug|Any CPU
		{D819EB21-3E99-4E0E-917E-E66FDAC01C48}.Debug|Any CPU.Build.0 = Debug|Any CPU
		{D819EB21-3E99-4E0E-917E-E66FDAC01C48}.Release|Any CPU.ActiveCfg = Release|Any CPU
		{D819EB21-3E99-4E0E-917E-E66FDAC01C48}.Release|Any CPU.Build.0 = Release|Any CPU
	EndGlobalSection
	GlobalSection(SolutionProperties) = preSolution
		HideSolutionNode = FALSE
	EndGlobalSection
	GlobalSection(ExtensibilityGlobals) = postSolution
		SolutionGuid = {84E1AE70-1C33-4525-8203-0E6EFF77BAC6}
	EndGlobalSection
EndGlobal
