
Microsoft Visual Studio Solution File, Format Version 12.00
# Visual Studio Version 16
VisualStudioVersion = 16.0.30104.148
MinimumVisualStudioVersion = 10.0.40219.1
Project("{9A19103F-16F7-4668-BE54-9A1E7A4F7556}") = "LED-Manager", "RzChromaLEDs\LED-Manager.csproj", "{F4037CB8-68E9-4020-8228-93B441EF2399}"
EndProject
Global
	GlobalSection(SolutionConfigurationPlatforms) = preSolution
		Debug|Any CPU = Debug|Any CPU
		Release|Any CPU = Release|Any CPU
	EndGlobalSection
	GlobalSection(ProjectConfigurationPlatforms) = postSolution
		{F4037CB8-68E9-4020-8228-93B441EF2399}.Debug|Any CPU.ActiveCfg = Debug|Any CPU
		{F4037CB8-68E9-4020-8228-93B441EF2399}.Debug|Any CPU.Build.0 = Debug|Any CPU
		{F4037CB8-68E9-4020-8228-93B441EF2399}.Release|Any CPU.ActiveCfg = Release|Any CPU
		{F4037CB8-68E9-4020-8228-93B441EF2399}.Release|Any CPU.Build.0 = Release|Any CPU
	EndGlobalSection
	GlobalSection(SolutionProperties) = preSolution
		HideSolutionNode = FALSE
	EndGlobalSection
	GlobalSection(ExtensibilityGlobals) = postSolution
		SolutionGuid = {84E1AE70-1C33-4525-8203-0E6EFF77BAC6}
	EndGlobalSection
EndGlobal
